{
  "pins" : [
    {
      "identity" : "bdk-swift",
      "kind" : "remoteSourceControl",
      "location" : "https://github.com/bitcoindevkit/bdk-swift",
      "state" : {
        "revision" : "320f95e4fa37ae4ce70d1fd6d57c1d431ab0a194",
        "version" : "0.4.0"
      }
    },
    {
      "identity" : "codescanner",
      "kind" : "remoteSourceControl",
      "location" : "https://github.com/twostraws/CodeScanner",
      "state" : {
        "revision" : "8a9ce909a4ea502d4a2ccf327ae8c16b7e48e740",
        "version" : "1.1.0"
      }
    }
  ],
  "version" : 2
}
