{
  "pins" : [
    {
      "identity" : "codescanner",
      "kind" : "remoteSourceControl",
      "location" : "https://github.com/twostraws/CodeScanner",
      "state" : {
        "revision" : "8a9ce909a4ea502d4a2ccf327ae8c16b7e48e740",
        "version" : "1.1.0"
      }
    }
  ],
  "version" : 2
}
